
Microsoft Visual Studio Solution File, Format Version 12.00
# Visual Studio Version 17
VisualStudioVersion = 17.6.33829.357
MinimumVisualStudioVersion = 10.0.40219.1
Project("{FAE04EC0-301F-11D3-BF4B-00C04F79EFBC}") = "Less_8_Itogi_2", "Less_8_Itogi_2\Less_8_Itogi_2.csproj", "{16F3C8D5-3A09-4936-8765-4EC0F9B87650}"
EndProject
Global
	GlobalSection(SolutionConfigurationPlatforms) = preSolution
		Debug|Any CPU = Debug|Any CPU
		Release|Any CPU = Release|Any CPU
	EndGlobalSection
	GlobalSection(ProjectConfigurationPlatforms) = postSolution
		{16F3C8D5-3A09-4936-8765-4EC0F9B87650}.Debug|Any CPU.ActiveCfg = Debug|Any CPU
		{16F3C8D5-3A09-4936-8765-4EC0F9B87650}.Debug|Any CPU.Build.0 = Debug|Any CPU
		{16F3C8D5-3A09-4936-8765-4EC0F9B87650}.Release|Any CPU.ActiveCfg = Release|Any CPU
		{16F3C8D5-3A09-4936-8765-4EC0F9B87650}.Release|Any CPU.Build.0 = Release|Any CPU
	EndGlobalSection
	GlobalSection(SolutionProperties) = preSolution
		HideSolutionNode = FALSE
	EndGlobalSection
	GlobalSection(ExtensibilityGlobals) = postSolution
		SolutionGuid = {38220949-A2AF-4689-A4AF-99F9DD11938B}
	EndGlobalSection
EndGlobal
